
Microsoft Visual Studio Solution File, Format Version 12.00
# Visual Studio Version 16
VisualStudioVersion = 16.0.33130.400
MinimumVisualStudioVersion = 10.0.40219.1
Project("{FAE04EC0-301F-11D3-BF4B-00C04F79EFBC}") = "Reservation", "Reservation\Reservation.csproj", "{37D96647-E715-4E69-A3CC-93113F40108A}"
EndProject
Global
	GlobalSection(SolutionConfigurationPlatforms) = preSolution
		Debug|Any CPU = Debug|Any CPU
		Release|Any CPU = Release|Any CPU
	EndGlobalSection
	GlobalSection(ProjectConfigurationPlatforms) = postSolution
		{37D96647-E715-4E69-A3CC-93113F40108A}.Debug|Any CPU.ActiveCfg = Debug|Any CPU
		{37D96647-E715-4E69-A3CC-93113F40108A}.Debug|Any CPU.Build.0 = Debug|Any CPU
		{37D96647-E715-4E69-A3CC-93113F40108A}.Release|Any CPU.ActiveCfg = Release|Any CPU
		{37D96647-E715-4E69-A3CC-93113F40108A}.Release|Any CPU.Build.0 = Release|Any CPU
	EndGlobalSection
	GlobalSection(SolutionProperties) = preSolution
		HideSolutionNode = FALSE
	EndGlobalSection
	GlobalSection(ExtensibilityGlobals) = postSolution
		SolutionGuid = {831DE38E-61D8-46B7-B913-01E859DE48C7}
	EndGlobalSection
EndGlobal
